
Microsoft Visual Studio Solution File, Format Version 12.00
# Visual Studio Version 17
VisualStudioVersion = 17.11.35312.102
MinimumVisualStudioVersion = 10.0.40219.1
Project("{FAE04EC0-301F-11D3-BF4B-00C04F79EFBC}") = "Web1", "Web1\Web1.csproj", "{DE47B00B-E6BD-4609-8F69-6C496D3449A6}"
EndProject
Global
	GlobalSection(SolutionConfigurationPlatforms) = preSolution
		Debug|Any CPU = Debug|Any CPU
		Release|Any CPU = Release|Any CPU
	EndGlobalSection
	GlobalSection(ProjectConfigurationPlatforms) = postSolution
		{DE47B00B-E6BD-4609-8F69-6C496D3449A6}.Debug|Any CPU.ActiveCfg = Debug|Any CPU
		{DE47B00B-E6BD-4609-8F69-6C496D3449A6}.Debug|Any CPU.Build.0 = Debug|Any CPU
		{DE47B00B-E6BD-4609-8F69-6C496D3449A6}.Release|Any CPU.ActiveCfg = Release|Any CPU
		{DE47B00B-E6BD-4609-8F69-6C496D3449A6}.Release|Any CPU.Build.0 = Release|Any CPU
	EndGlobalSection
	GlobalSection(SolutionProperties) = preSolution
		HideSolutionNode = FALSE
	EndGlobalSection
	GlobalSection(ExtensibilityGlobals) = postSolution
		SolutionGuid = {AADA6E58-22CD-4786-A559-6FCE0A6222A9}
	EndGlobalSection
EndGlobal
